<?xml version="1.0" encoding="UTF-8" standalone="yes" ?>
<CodeBlocks_project_file>
   <FileVersion major="1" minor="6" />
   <Project>
      <Option title="HUFFMAN" />
      <Option makefile_is_custom="1" />
      <Option compiler="gcc" />
      <Option virtualFolders="CMake Files\;" />
      <Build>
      <Target title="all">
         <Option working_dir="/home/ksercs/cpp-course/huffman" />
         <Option type="4" />
         <MakeCommands>
            <Build command="/usr/bin/make -f &quot;/home/ksercs/cpp-course/huffman/Makefile&quot;  VERBOSE=1 all" />
            <CompileFile command="/usr/bin/make -f &quot;/home/ksercs/cpp-course/huffman/Makefile&quot;  VERBOSE=1 &quot;$file&quot;" />
            <Clean command="/usr/bin/make -f &quot;/home/ksercs/cpp-course/huffman/Makefile&quot;  VERBOSE=1 clean" />
            <DistClean command="/usr/bin/make -f &quot;/home/ksercs/cpp-course/huffman/Makefile&quot;  VERBOSE=1 clean" />
         </MakeCommands>
      </Target>
      <Target title="edit_cache">
         <Option working_dir="/home/ksercs/cpp-course/huffman" />
         <Option type="4" />
         <MakeCommands>
            <Build command="/usr/bin/make -f &quot;/home/ksercs/cpp-course/huffman/Makefile&quot;  VERBOSE=1 edit_cache" />
            <CompileFile command="/usr/bin/make -f &quot;/home/ksercs/cpp-course/huffman/Makefile&quot;  VERBOSE=1 &quot;$file&quot;" />
            <Clean command="/usr/bin/make -f &quot;/home/ksercs/cpp-course/huffman/Makefile&quot;  VERBOSE=1 clean" />
            <DistClean command="/usr/bin/make -f &quot;/home/ksercs/cpp-course/huffman/Makefile&quot;  VERBOSE=1 clean" />
         </MakeCommands>
      </Target>
      <Target title="MAIN">
         <Option output="/home/ksercs/cpp-course/huffman/MAIN" prefix_auto="0" extension_auto="0" />
         <Option working_dir="/home/ksercs/cpp-course/huffman" />
         <Option object_output="./" />
         <Option type="1" />
         <Option compiler="gcc" />
         <Compiler>
            <Add directory="/home/ksercs/cpp-course/huffman" />
            <Add directory="/home/ksercs/cpp-course/huffman/lib" />
            <Add directory="/home/ksercs/cpp-course/huffman/test" />
            <Add directory="/home/ksercs/cpp-course/huffman/util" />
         </Compiler>
         <MakeCommands>
            <Build command="/usr/bin/make -f &quot;/home/ksercs/cpp-course/huffman/Makefile&quot;  VERBOSE=1 MAIN" />
            <CompileFile command="/usr/bin/make -f &quot;/home/ksercs/cpp-course/huffman/Makefile&quot;  VERBOSE=1 &quot;$file&quot;" />
            <Clean command="/usr/bin/make -f &quot;/home/ksercs/cpp-course/huffman/Makefile&quot;  VERBOSE=1 clean" />
            <DistClean command="/usr/bin/make -f &quot;/home/ksercs/cpp-course/huffman/Makefile&quot;  VERBOSE=1 clean" />
         </MakeCommands>
      </Target>
      <Target title="MAIN/fast">
         <Option output="/home/ksercs/cpp-course/huffman/MAIN" prefix_auto="0" extension_auto="0" />
         <Option working_dir="/home/ksercs/cpp-course/huffman" />
         <Option object_output="./" />
         <Option type="1" />
         <Option compiler="gcc" />
         <Compiler>
            <Add directory="/home/ksercs/cpp-course/huffman" />
            <Add directory="/home/ksercs/cpp-course/huffman/lib" />
            <Add directory="/home/ksercs/cpp-course/huffman/test" />
            <Add directory="/home/ksercs/cpp-course/huffman/util" />
         </Compiler>
         <MakeCommands>
            <Build command="/usr/bin/make -f &quot;/home/ksercs/cpp-course/huffman/Makefile&quot;  VERBOSE=1 MAIN/fast" />
            <CompileFile command="/usr/bin/make -f &quot;/home/ksercs/cpp-course/huffman/Makefile&quot;  VERBOSE=1 &quot;$file&quot;" />
            <Clean command="/usr/bin/make -f &quot;/home/ksercs/cpp-course/huffman/Makefile&quot;  VERBOSE=1 clean" />
            <DistClean command="/usr/bin/make -f &quot;/home/ksercs/cpp-course/huffman/Makefile&quot;  VERBOSE=1 clean" />
         </MakeCommands>
      </Target>
      <Target title="HUFFMAN">
         <Option output="/home/ksercs/cpp-course/huffman/libHUFFMAN.a" prefix_auto="0" extension_auto="0" />
         <Option working_dir="/home/ksercs/cpp-course/huffman" />
         <Option object_output="./" />
         <Option type="2" />
         <Option compiler="gcc" />
         <Compiler>
            <Add directory="/home/ksercs/cpp-course/huffman" />
            <Add directory="/home/ksercs/cpp-course/huffman/lib" />
            <Add directory="/home/ksercs/cpp-course/huffman/test" />
            <Add directory="/home/ksercs/cpp-course/huffman/util" />
         </Compiler>
         <MakeCommands>
            <Build command="/usr/bin/make -f &quot;/home/ksercs/cpp-course/huffman/Makefile&quot;  VERBOSE=1 HUFFMAN" />
            <CompileFile command="/usr/bin/make -f &quot;/home/ksercs/cpp-course/huffman/Makefile&quot;  VERBOSE=1 &quot;$file&quot;" />
            <Clean command="/usr/bin/make -f &quot;/home/ksercs/cpp-course/huffman/Makefile&quot;  VERBOSE=1 clean" />
            <DistClean command="/usr/bin/make -f &quot;/home/ksercs/cpp-course/huffman/Makefile&quot;  VERBOSE=1 clean" />
         </MakeCommands>
      </Target>
      <Target title="HUFFMAN/fast">
         <Option output="/home/ksercs/cpp-course/huffman/libHUFFMAN.a" prefix_auto="0" extension_auto="0" />
         <Option working_dir="/home/ksercs/cpp-course/huffman" />
         <Option object_output="./" />
         <Option type="2" />
         <Option compiler="gcc" />
         <Compiler>
            <Add directory="/home/ksercs/cpp-course/huffman" />
            <Add directory="/home/ksercs/cpp-course/huffman/lib" />
            <Add directory="/home/ksercs/cpp-course/huffman/test" />
            <Add directory="/home/ksercs/cpp-course/huffman/util" />
         </Compiler>
         <MakeCommands>
            <Build command="/usr/bin/make -f &quot;/home/ksercs/cpp-course/huffman/Makefile&quot;  VERBOSE=1 HUFFMAN/fast" />
            <CompileFile command="/usr/bin/make -f &quot;/home/ksercs/cpp-course/huffman/Makefile&quot;  VERBOSE=1 &quot;$file&quot;" />
            <Clean command="/usr/bin/make -f &quot;/home/ksercs/cpp-course/huffman/Makefile&quot;  VERBOSE=1 clean" />
            <DistClean command="/usr/bin/make -f &quot;/home/ksercs/cpp-course/huffman/Makefile&quot;  VERBOSE=1 clean" />
         </MakeCommands>
      </Target>
      <Target title="TESTING">
         <Option output="/home/ksercs/cpp-course/huffman/TESTING" prefix_auto="0" extension_auto="0" />
         <Option working_dir="/home/ksercs/cpp-course/huffman" />
         <Option object_output="./" />
         <Option type="1" />
         <Option compiler="gcc" />
         <Compiler>
            <Add directory="/home/ksercs/cpp-course/huffman" />
            <Add directory="/home/ksercs/cpp-course/huffman/lib" />
            <Add directory="/home/ksercs/cpp-course/huffman/test" />
            <Add directory="/home/ksercs/cpp-course/huffman/util" />
         </Compiler>
         <MakeCommands>
            <Build command="/usr/bin/make -f &quot;/home/ksercs/cpp-course/huffman/Makefile&quot;  VERBOSE=1 TESTING" />
            <CompileFile command="/usr/bin/make -f &quot;/home/ksercs/cpp-course/huffman/Makefile&quot;  VERBOSE=1 &quot;$file&quot;" />
            <Clean command="/usr/bin/make -f &quot;/home/ksercs/cpp-course/huffman/Makefile&quot;  VERBOSE=1 clean" />
            <DistClean command="/usr/bin/make -f &quot;/home/ksercs/cpp-course/huffman/Makefile&quot;  VERBOSE=1 clean" />
         </MakeCommands>
      </Target>
      <Target title="TESTING/fast">
         <Option output="/home/ksercs/cpp-course/huffman/TESTING" prefix_auto="0" extension_auto="0" />
         <Option working_dir="/home/ksercs/cpp-course/huffman" />
         <Option object_output="./" />
         <Option type="1" />
         <Option compiler="gcc" />
         <Compiler>
            <Add directory="/home/ksercs/cpp-course/huffman" />
            <Add directory="/home/ksercs/cpp-course/huffman/lib" />
            <Add directory="/home/ksercs/cpp-course/huffman/test" />
            <Add directory="/home/ksercs/cpp-course/huffman/util" />
         </Compiler>
         <MakeCommands>
            <Build command="/usr/bin/make -f &quot;/home/ksercs/cpp-course/huffman/Makefile&quot;  VERBOSE=1 TESTING/fast" />
            <CompileFile command="/usr/bin/make -f &quot;/home/ksercs/cpp-course/huffman/Makefile&quot;  VERBOSE=1 &quot;$file&quot;" />
            <Clean command="/usr/bin/make -f &quot;/home/ksercs/cpp-course/huffman/Makefile&quot;  VERBOSE=1 clean" />
            <DistClean command="/usr/bin/make -f &quot;/home/ksercs/cpp-course/huffman/Makefile&quot;  VERBOSE=1 clean" />
         </MakeCommands>
      </Target>
      <Target title="rebuild_cache">
         <Option working_dir="/home/ksercs/cpp-course/huffman" />
         <Option type="4" />
         <MakeCommands>
            <Build command="/usr/bin/make -f &quot;/home/ksercs/cpp-course/huffman/Makefile&quot;  VERBOSE=1 rebuild_cache" />
            <CompileFile command="/usr/bin/make -f &quot;/home/ksercs/cpp-course/huffman/Makefile&quot;  VERBOSE=1 &quot;$file&quot;" />
            <Clean command="/usr/bin/make -f &quot;/home/ksercs/cpp-course/huffman/Makefile&quot;  VERBOSE=1 clean" />
            <DistClean command="/usr/bin/make -f &quot;/home/ksercs/cpp-course/huffman/Makefile&quot;  VERBOSE=1 clean" />
         </MakeCommands>
      </Target>
      </Build>
      <Unit filename="/home/ksercs/cpp-course/huffman/gtest/gtest-all.cc">
         <Option target="TESTING"/>
      </Unit>
      <Unit filename="/home/ksercs/cpp-course/huffman/gtest/gtest.h">
         <Option target="TESTING"/>
      </Unit>
      <Unit filename="/home/ksercs/cpp-course/huffman/gtest/gtest_main.cc">
         <Option target="TESTING"/>
      </Unit>
      <Unit filename="/home/ksercs/cpp-course/huffman/lib/constants.h">
         <Option target="HUFFMAN"/>
      </Unit>
      <Unit filename="/home/ksercs/cpp-course/huffman/lib/huffman.cpp">
         <Option target="HUFFMAN"/>
      </Unit>
      <Unit filename="/home/ksercs/cpp-course/huffman/lib/huffman.h">
         <Option target="HUFFMAN"/>
      </Unit>
      <Unit filename="/home/ksercs/cpp-course/huffman/lib/my_reader.cpp">
         <Option target="HUFFMAN"/>
      </Unit>
      <Unit filename="/home/ksercs/cpp-course/huffman/lib/my_reader.h">
         <Option target="HUFFMAN"/>
      </Unit>
      <Unit filename="/home/ksercs/cpp-course/huffman/lib/my_writer.cpp">
         <Option target="HUFFMAN"/>
      </Unit>
      <Unit filename="/home/ksercs/cpp-course/huffman/lib/my_writer.h">
         <Option target="HUFFMAN"/>
      </Unit>
      <Unit filename="/home/ksercs/cpp-course/huffman/lib/tree.cpp">
         <Option target="HUFFMAN"/>
      </Unit>
      <Unit filename="/home/ksercs/cpp-course/huffman/lib/tree.h">
         <Option target="HUFFMAN"/>
      </Unit>
      <Unit filename="/home/ksercs/cpp-course/huffman/test/huffman_testing.cpp">
         <Option target="TESTING"/>
      </Unit>
      <Unit filename="/home/ksercs/cpp-course/huffman/util/main.cpp">
         <Option target="MAIN"/>
      </Unit>
      <Unit filename="/home/ksercs/cpp-course/huffman/CMakeLists.txt">
          <Option virtualFolder="CMake Files\" />
      </Unit>
   </Project>
</CodeBlocks_project_file>
